
Microsoft Visual Studio Solution File, Format Version 12.00
# Visual Studio 15
VisualStudioVersion = 15.0.26430.16
MinimumVisualStudioVersion = 10.0.40219.1
Project("{FAE04EC0-301F-11D3-BF4B-00C04F79EFBC}") = "RWFile", "RWFile\RWFile.csproj", "{58DD07F9-955E-44D3-A227-FAB9F2D1597C}"
EndProject
Global
	GlobalSection(SolutionConfigurationPlatforms) = preSolution
		Debug|Any CPU = Debug|Any CPU
		Release|Any CPU = Release|Any CPU
	EndGlobalSection
	GlobalSection(ProjectConfigurationPlatforms) = postSolution
		{58DD07F9-955E-44D3-A227-FAB9F2D1597C}.Debug|Any CPU.ActiveCfg = Debug|Any CPU
		{58DD07F9-955E-44D3-A227-FAB9F2D1597C}.Debug|Any CPU.Build.0 = Debug|Any CPU
		{58DD07F9-955E-44D3-A227-FAB9F2D1597C}.Release|Any CPU.ActiveCfg = Release|Any CPU
		{58DD07F9-955E-44D3-A227-FAB9F2D1597C}.Release|Any CPU.Build.0 = Release|Any CPU
	EndGlobalSection
	GlobalSection(SolutionProperties) = preSolution
		HideSolutionNode = FALSE
	EndGlobalSection
	GlobalSection(ExtensibilityGlobals) = postSolution
		EnterpriseLibraryConfigurationToolBinariesPath = packages\Unity.2.1.505.2\lib\NET35
	EndGlobalSection
EndGlobal
